
Microsoft Visual Studio Solution File, Format Version 12.00
# Visual Studio Version 17
VisualStudioVersion = 17.4.33403.182
MinimumVisualStudioVersion = 10.0.40219.1
Project("{9A19103F-16F7-4668-BE54-9A1E7A4F7556}") = "AkiraVoid.WordBook", "AkiraVoid.WordBook\AkiraVoid.WordBook.csproj", "{294907F2-3A74-4D03-B84D-8AE36CAAA311}"
EndProject
Project("{2150E333-8FDC-42A3-9474-1A3956D46DE8}") = "解决方案项", "解决方案项", "{5884847E-7EC4-4A24-9A56-2F6190D2B21A}"
	ProjectSection(SolutionItems) = preProject
		.gitattributes = .gitattributes
		.gitignore = .gitignore
		AkiraVoid.WordBook.sln.DotSettings = AkiraVoid.WordBook.sln.DotSettings
		LICENSE = LICENSE
		CHANGELOG.md = CHANGELOG.md
		README.md = README.md
	EndProjectSection
EndProject
Global
	GlobalSection(SolutionConfigurationPlatforms) = preSolution
		Debug|Any CPU = Debug|Any CPU
		Debug|ARM64 = Debug|ARM64
		Debug|x64 = Debug|x64
		Debug|x86 = Debug|x86
		Release|Any CPU = Release|Any CPU
		Release|ARM64 = Release|ARM64
		Release|x64 = Release|x64
		Release|x86 = Release|x86
	EndGlobalSection
	GlobalSection(ProjectConfigurationPlatforms) = postSolution
		{294907F2-3A74-4D03-B84D-8AE36CAAA311}.Debug|Any CPU.ActiveCfg = Debug|x64
		{294907F2-3A74-4D03-B84D-8AE36CAAA311}.Debug|Any CPU.Build.0 = Debug|x64
		{294907F2-3A74-4D03-B84D-8AE36CAAA311}.Debug|ARM64.ActiveCfg = Debug|ARM64
		{294907F2-3A74-4D03-B84D-8AE36CAAA311}.Debug|ARM64.Build.0 = Debug|ARM64
		{294907F2-3A74-4D03-B84D-8AE36CAAA311}.Debug|ARM64.Deploy.0 = Debug|ARM64
		{294907F2-3A74-4D03-B84D-8AE36CAAA311}.Debug|x64.ActiveCfg = Debug|x64
		{294907F2-3A74-4D03-B84D-8AE36CAAA311}.Debug|x64.Build.0 = Debug|x64
		{294907F2-3A74-4D03-B84D-8AE36CAAA311}.Debug|x64.Deploy.0 = Debug|x64
		{294907F2-3A74-4D03-B84D-8AE36CAAA311}.Debug|x86.ActiveCfg = Debug|x86
		{294907F2-3A74-4D03-B84D-8AE36CAAA311}.Debug|x86.Build.0 = Debug|x86
		{294907F2-3A74-4D03-B84D-8AE36CAAA311}.Debug|x86.Deploy.0 = Debug|x86
		{294907F2-3A74-4D03-B84D-8AE36CAAA311}.Release|Any CPU.ActiveCfg = Release|x64
		{294907F2-3A74-4D03-B84D-8AE36CAAA311}.Release|Any CPU.Build.0 = Release|x64
		{294907F2-3A74-4D03-B84D-8AE36CAAA311}.Release|ARM64.ActiveCfg = Release|ARM64
		{294907F2-3A74-4D03-B84D-8AE36CAAA311}.Release|ARM64.Build.0 = Release|ARM64
		{294907F2-3A74-4D03-B84D-8AE36CAAA311}.Release|ARM64.Deploy.0 = Release|ARM64
		{294907F2-3A74-4D03-B84D-8AE36CAAA311}.Release|x64.ActiveCfg = Release|x64
		{294907F2-3A74-4D03-B84D-8AE36CAAA311}.Release|x64.Build.0 = Release|x64
		{294907F2-3A74-4D03-B84D-8AE36CAAA311}.Release|x64.Deploy.0 = Release|x64
		{294907F2-3A74-4D03-B84D-8AE36CAAA311}.Release|x86.ActiveCfg = Release|x86
		{294907F2-3A74-4D03-B84D-8AE36CAAA311}.Release|x86.Build.0 = Release|x86
		{294907F2-3A74-4D03-B84D-8AE36CAAA311}.Release|x86.Deploy.0 = Release|x86
	EndGlobalSection
	GlobalSection(SolutionProperties) = preSolution
		HideSolutionNode = FALSE
	EndGlobalSection
	GlobalSection(ExtensibilityGlobals) = postSolution
		SolutionGuid = {E6869E46-AA64-49E8-9CC6-5A3B8F23CAA0}
	EndGlobalSection
EndGlobal
